lockfileVersion: '9.0'

settings:
  autoInstallPeers: true
  excludeLinksFromLockfile: false

importers:

  .:
    dependencies:
      '@the-dev-tools/email':
        specifier: ^0.1.1
        version: 0.1.1

packages:

  '@the-dev-tools/email@0.1.1':
    resolution: {integrity: sha512-/pNEfTd8Jqq5SYkFcnY0tPQFfmJ5/cj1I0quzyR8buVqeoTmUEP/DhRaga2+iQtJ7eQlBEjLWgJ4CVoHo+Py6g==, tarball: https://npm.pkg.github.com/download/@the-dev-tools/email/0.1.1/a344de538f74ac50e35ccd287e87cad436604f24}

snapshots:

  '@the-dev-tools/email@0.1.1': {}
